# THIS IS AN AUTOGENERATED FILE. DO NOT EDIT THIS FILE DIRECTLY.
# yarn lockfile v1


animate.css@^4.1.0:
  version "4.1.0"
  resolved "https://registry.yarnpkg.com/animate.css/-/animate.css-4.1.0.tgz#dec2aabe4babfc6f6777f9a5cccd132838729b50"
  integrity sha512-0aVcfWDeU9ykV6vjn1P67ZSs01jxoUQZCGaYbkk0SIIelIG8kUdLrIkua1+VabHfTtsSivDRMMn0ILPvZum2gw==

bootstrap@^4.5.2:
  version "4.5.2"
  resolved "https://registry.yarnpkg.com/bootstrap/-/bootstrap-4.5.2.tgz#a85c4eda59155f0d71186b6e6ad9b875813779ab"
  integrity sha512-vlGn0bcySYl/iV+BGA544JkkZP5LB3jsmkeKLFQakCOwCM3AOk7VkldBz4jrzSe+Z0Ezn99NVXa1o45cQY4R6A==

jquery-mask-plugin@^1.14.16:
  version "1.14.16"
  resolved "https://registry.yarnpkg.com/jquery-mask-plugin/-/jquery-mask-plugin-1.14.16.tgz#9ebb55947d984da5aade45315b2fe6b113e28aae"
  integrity sha512-reywdHlYEkPbzWjTpcc1fk9XQ3PLvO5dzEAVqy8zI7NTF22tB1HbeU3iboZTLdkBEPaWAqeI2HtEjsGQ4roZKw==

jquery@^3.5.1:
  version "3.5.1"
  resolved "https://registry.yarnpkg.com/jquery/-/jquery-3.5.1.tgz#d7b4d08e1bfdb86ad2f1a3d039ea17304717abb5"
  integrity sha512-XwIBPqcMn57FxfT+Go5pzySnm4KWkT1Tv7gjrpT1srtf8Weynl6R273VJ5GjkRb51IzMp5nbaPjJXMWeju2MKg==

sweetalert2@^9.17.1:
  version "9.17.2"
  resolved "https://registry.yarnpkg.com/sweetalert2/-/sweetalert2-9.17.2.tgz#7f33ce157a64c303d2ca98863c9a3f437e5f1187"
  integrity sha512-HkpPZVMYsnhFUBLdy/LvkU9snggKP3VAuSVnPhVXjxdg02lWbFx0W8H3m7A+WMWw2diXZS1wIa4m67XkNxdvew==
